
Microsoft Visual Studio Solution File, Format Version 12.00
# Visual Studio 15
VisualStudioVersion = 15.0.34930.48
MinimumVisualStudioVersion = 10.0.40219.1
Project("{FAE04EC0-301F-11D3-BF4B-00C04F79EFBC}") = "Project_OOP", "Project_OOP\Project_OOP.csproj", "{FEA0A51E-2D50-430B-A058-0A7E2421B7AF}"
EndProject
Global
	GlobalSection(SolutionConfigurationPlatforms) = preSolution
		Debug|Any CPU = Debug|Any CPU
		Release|Any CPU = Release|Any CPU
	EndGlobalSection
	GlobalSection(ProjectConfigurationPlatforms) = postSolution
		{FEA0A51E-2D50-430B-A058-0A7E2421B7AF}.Debug|Any CPU.ActiveCfg = Debug|Any CPU
		{FEA0A51E-2D50-430B-A058-0A7E2421B7AF}.Debug|Any CPU.Build.0 = Debug|Any CPU
		{FEA0A51E-2D50-430B-A058-0A7E2421B7AF}.Release|Any CPU.ActiveCfg = Release|Any CPU
		{FEA0A51E-2D50-430B-A058-0A7E2421B7AF}.Release|Any CPU.Build.0 = Release|Any CPU
	EndGlobalSection
	GlobalSection(SolutionProperties) = preSolution
		HideSolutionNode = FALSE
	EndGlobalSection
	GlobalSection(ExtensibilityGlobals) = postSolution
		SolutionGuid = {0CFAED48-87D8-4951-AAC1-0424691BB5B3}
	EndGlobalSection
EndGlobal
